{
  "version": 4,
  "terraform_version": "1.11.3",
  "serial": 261,
  "lineage": "447fd3f0-4951-72ca-4444-28a9a487f344",
  "outputs": {
    "boot_disk_ids": {
      "value": {
        "project-dev-boot-disk-a": [
          "fhm65l44sektdmcd20qa"
        ],
        "project-dev-boot-disk-b": [
          "epdh6gtmokadlvaqrevk"
        ],
        "project-dev-boot-disk-d": [
          "fv44uigmd62bseone4i6"
        ]
      },
      "type": [
        "object",
        {
          "project-dev-boot-disk-a": [
            "tuple",
            [
              "string"
            ]
          ],
          "project-dev-boot-disk-b": [
            "tuple",
            [
              "string"
            ]
          ],
          "project-dev-boot-disk-d": [
            "tuple",
            [
              "string"
            ]
          ]
        }
      ]
    },
    "bucket_name": {
      "value": "project-dev-terraform-bucket-iq251ix8",
      "type": "string"
    },
    "service_account_id": {
      "value": "ajeakkcv7qoh6hifuvo0",
      "type": "string"
    },
    "subnet_ids": {
      "value": {
        "ru-central1-a": [
          "e9b3g3g86eef5sj7u25j"
        ],
        "ru-central1-b": [
          "e2lol67i8tf2bbdn97f2"
        ],
        "ru-central1-d": [
          "fl8q3n9iodfs01inidfj"
        ]
      },
      "type": [
        "object",
        {
          "ru-central1-a": [
            "tuple",
            [
              "string"
            ]
          ],
          "ru-central1-b": [
            "tuple",
            [
              "string"
            ]
          ],
          "ru-central1-d": [
            "tuple",
            [
              "string"
            ]
          ]
        }
      ]
    },
    "ydb_id": {
      "value": "etnvhjm9hmf179080bf9",
      "type": "string"
    }
  },
  "resources": [
    {
      "mode": "managed",
      "type": "random_string",
      "name": "bucket_name",
      "provider": "provider[\"registry.terraform.io/hashicorp/random\"]",
      "instances": [
        {
          "schema_version": 2,
          "attributes": {
            "id": "iq251ix8",
            "keepers": null,
            "length": 8,
            "lower": true,
            "min_lower": 0,
            "min_numeric": 0,
            "min_special": 0,
            "min_upper": 0,
            "number": true,
            "numeric": true,
            "override_special": null,
            "result": "iq251ix8",
            "special": false,
            "upper": false
          },
          "sensitive_attributes": []
        }
      ]
    },
    {
      "mode": "managed",
      "type": "yandex_compute_disk",
      "name": "boot_disk",
      "provider": "provider[\"registry.terraform.io/yandex-cloud/yandex\"]",
      "instances": [
        {
          "index_key": "ru-central1-a",
          "schema_version": 0,
          "attributes": {
            "allow_recreate": null,
            "block_size": 4096,
            "created_at": "2025-04-08T13:34:07Z",
            "description": "",
            "disk_placement_policy": [
              {
                "disk_placement_group_id": ""
              }
            ],
            "folder_id": "b1gsqp3omlusv377dipl",
            "hardware_generation": [
              {
                "generation2_features": [],
                "legacy_features": [
                  {
                    "pci_topology": "PCI_TOPOLOGY_V1"
                  }
                ]
              }
            ],
            "id": "fhm65l44sektdmcd20qa",
            "image_id": "fd833v6c5tb0udvk4jo6",
            "kms_key_id": null,
            "labels": null,
            "name": "project-dev-boot-disk-a",
            "product_ids": [
              "f2e96dbk5hv825rcb2rj"
            ],
            "size": 15,
            "snapshot_id": "",
            "status": "ready",
            "timeouts": null,
            "type": "network-ssd",
            "zone": "ru-central1-a"
          },
          "sensitive_attributes": [],
          "private": "eyJlMmJmYjczMC1lY2FhLTExZTYtOGY4OC0zNDM2M2JjN2M0YzAiOnsiY3JlYXRlIjozMDAwMDAwMDAwMDAsImRlbGV0ZSI6MzAwMDAwMDAwMDAwLCJ1cGRhdGUiOjMwMDAwMDAwMDAwMH19"
        },
        {
          "index_key": "ru-central1-b",
          "schema_version": 0,
          "attributes": {
            "allow_recreate": null,
            "block_size": 4096,
            "created_at": "2025-04-08T13:34:07Z",
            "description": "",
            "disk_placement_policy": [
              {
                "disk_placement_group_id": ""
              }
            ],
            "folder_id": "b1gsqp3omlusv377dipl",
            "hardware_generation": [
              {
                "generation2_features": [],
                "legacy_features": [
                  {
                    "pci_topology": "PCI_TOPOLOGY_V1"
                  }
                ]
              }
            ],
            "id": "epdh6gtmokadlvaqrevk",
            "image_id": "fd833v6c5tb0udvk4jo6",
            "kms_key_id": null,
            "labels": null,
            "name": "project-dev-boot-disk-b",
            "product_ids": [
              "f2e96dbk5hv825rcb2rj"
            ],
            "size": 15,
            "snapshot_id": "",
            "status": "ready",
            "timeouts": null,
            "type": "network-ssd",
            "zone": "ru-central1-b"
          },
          "sensitive_attributes": [],
          "private": "eyJlMmJmYjczMC1lY2FhLTExZTYtOGY4OC0zNDM2M2JjN2M0YzAiOnsiY3JlYXRlIjozMDAwMDAwMDAwMDAsImRlbGV0ZSI6MzAwMDAwMDAwMDAwLCJ1cGRhdGUiOjMwMDAwMDAwMDAwMH19"
        },
        {
          "index_key": "ru-central1-d",
          "schema_version": 0,
          "attributes": {
            "allow_recreate": null,
            "block_size": 4096,
            "created_at": "2025-04-08T13:34:07Z",
            "description": "",
            "disk_placement_policy": [
              {
                "disk_placement_group_id": ""
              }
            ],
            "folder_id": "b1gsqp3omlusv377dipl",
            "hardware_generation": [
              {
                "generation2_features": [],
                "legacy_features": [
                  {
                    "pci_topology": "PCI_TOPOLOGY_V1"
                  }
                ]
              }
            ],
            "id": "fv44uigmd62bseone4i6",
            "image_id": "fd833v6c5tb0udvk4jo6",
            "kms_key_id": null,
            "labels": null,
            "name": "project-dev-boot-disk-d",
            "product_ids": [
              "f2e96dbk5hv825rcb2rj"
            ],
            "size": 15,
            "snapshot_id": "",
            "status": "ready",
            "timeouts": null,
            "type": "network-ssd",
            "zone": "ru-central1-d"
          },
          "sensitive_attributes": [],
          "private": "eyJlMmJmYjczMC1lY2FhLTExZTYtOGY4OC0zNDM2M2JjN2M0YzAiOnsiY3JlYXRlIjozMDAwMDAwMDAwMDAsImRlbGV0ZSI6MzAwMDAwMDAwMDAwLCJ1cGRhdGUiOjMwMDAwMDAwMDAwMH19"
        }
      ]
    },
    {
      "mode": "managed",
      "type": "yandex_iam_service_account",
      "name": "bucket",
      "provider": "provider[\"registry.terraform.io/yandex-cloud/yandex\"]",
      "instances": [
        {
          "schema_version": 0,
          "attributes": {
            "created_at": "2025-04-08T13:34:07Z",
            "description": "",
            "folder_id": "b1gsqp3omlusv377dipl",
            "id": "ajeakkcv7qoh6hifuvo0",
            "name": "project-dev-bucket-sa",
            "timeouts": null
          },
          "sensitive_attributes": [],
          "private": "eyJlMmJmYjczMC1lY2FhLTExZTYtOGY4OC0zNDM2M2JjN2M0YzAiOnsiY3JlYXRlIjo2MDAwMDAwMDAwMCwiZGVsZXRlIjo2MDAwMDAwMDAwMCwidXBkYXRlIjo2MDAwMDAwMDAwMH19"
        }
      ]
    },
    {
      "mode": "managed",
      "type": "yandex_iam_service_account_static_access_key",
      "name": "this",
      "provider": "provider[\"registry.terraform.io/yandex-cloud/yandex\"]",
      "instances": [
        {
          "schema_version": 0,
          "attributes": {
            "access_key": "YCAJEcPmGdKsXvRigAE_DzjHQ",
            "created_at": "2025-04-08T13:34:09Z",
            "description": "static access key for object storage",
            "encrypted_secret_key": null,
            "id": "ajeforsbb7j9cu55hhlf",
            "key_fingerprint": null,
            "output_to_lockbox": [],
            "output_to_lockbox_version_id": null,
            "pgp_key": null,
            "secret_key": "YCPAslLtOhiKpspC8yYUSTm3IzYwMUZfb6ZqhEcG",
            "service_account_id": "ajeakkcv7qoh6hifuvo0"
          },
          "sensitive_attributes": [
            [
              {
                "type": "get_attr",
                "value": "secret_key"
              }
            ]
          ],
          "private": "bnVsbA==",
          "dependencies": [
            "yandex_iam_service_account.bucket"
          ]
        }
      ]
    },
    {
      "mode": "managed",
      "type": "yandex_resourcemanager_folder_iam_member",
      "name": "storage_editor",
      "provider": "provider[\"registry.terraform.io/yandex-cloud/yandex\"]",
      "instances": [
        {
          "schema_version": 0,
          "attributes": {
            "folder_id": "b1gsqp3omlusv377dipl",
            "id": "b1gsqp3omlusv377dipl/storage.editor/serviceAccount:ajeakkcv7qoh6hifuvo0",
            "member": "serviceAccount:ajeakkcv7qoh6hifuvo0",
            "role": "storage.editor",
            "sleep_after": null,
            "timeouts": null
          },
          "sensitive_attributes": [],
          "private": "eyJlMmJmYjczMC1lY2FhLTExZTYtOGY4OC0zNDM2M2JjN2M0YzAiOnsiY3JlYXRlIjo2MDAwMDAwMDAwMCwiZGVmYXVsdCI6NjAwMDAwMDAwMDAsImRlbGV0ZSI6NjAwMDAwMDAwMDAsInJlYWQiOjYwMDAwMDAwMDAwLCJ1cGRhdGUiOjYwMDAwMDAwMDAwfX0=",
          "dependencies": [
            "yandex_iam_service_account.bucket"
          ]
        }
      ]
    },
    {
      "mode": "managed",
      "type": "yandex_storage_bucket",
      "name": "this",
      "provider": "provider[\"registry.terraform.io/yandex-cloud/yandex\"]",
      "instances": [
        {
          "schema_version": 1,
          "attributes": {
            "access_key": "YCAJEcPmGdKsXvRigAE_DzjHQ",
            "acl": null,
            "anonymous_access_flags": [
              {
                "config_read": false,
                "list": false,
                "read": false
              }
            ],
            "bucket": "project-dev-terraform-bucket-iq251ix8",
            "bucket_domain_name": "project-dev-terraform-bucket-iq251ix8.storage.yandexcloud.net",
            "bucket_prefix": null,
            "cors_rule": [],
            "default_storage_class": "STANDARD",
            "folder_id": "b1gsqp3omlusv377dipl",
            "force_destroy": false,
            "grant": [],
            "https": [],
            "id": "project-dev-terraform-bucket-iq251ix8",
            "lifecycle_rule": [],
            "logging": [],
            "max_size": 0,
            "object_lock_configuration": [],
            "policy": "",
            "secret_key": "YCPAslLtOhiKpspC8yYUSTm3IzYwMUZfb6ZqhEcG",
            "server_side_encryption_configuration": [],
            "tags": null,
            "versioning": [
              {
                "enabled": false
              }
            ],
            "website": [],
            "website_domain": null,
            "website_endpoint": null
          },
          "sensitive_attributes": [
            [
              {
                "type": "get_attr",
                "value": "secret_key"
              }
            ]
          ],
          "private": "eyJzY2hlbWFfdmVyc2lvbiI6IjEifQ==",
          "dependencies": [
            "random_string.bucket_name",
            "yandex_iam_service_account.bucket",
            "yandex_iam_service_account_static_access_key.this",
            "yandex_resourcemanager_folder_iam_member.storage_editor"
          ]
        }
      ]
    },
    {
      "mode": "managed",
      "type": "yandex_vpc_address",
      "name": "this",
      "provider": "provider[\"registry.terraform.io/yandex-cloud/yandex\"]",
      "instances": [
        {
          "index_key": "ru-central1-d",
          "schema_version": 0,
          "attributes": {
            "created_at": "2025-04-08T13:34:08Z",
            "deletion_protection": false,
            "description": "",
            "dns_record": [],
            "external_ipv4_address": [
              {
                "address": "158.160.172.68",
                "ddos_protection_provider": "",
                "outgoing_smtp_capability": "",
                "zone_id": "ru-central1-d"
              }
            ],
            "folder_id": "b1gsqp3omlusv377dipl",
            "id": "fl8m238be0i1e2811eot",
            "labels": {},
            "name": "project-dev-linux-vm-address-d",
            "reserved": true,
            "timeouts": null,
            "used": false
          },
          "sensitive_attributes": [],
          "private": "eyJlMmJmYjczMC1lY2FhLTExZTYtOGY4OC0zNDM2M2JjN2M0YzAiOnsiY3JlYXRlIjozMDAwMDAwMDAwMCwiZGVsZXRlIjozMDAwMDAwMDAwMCwidXBkYXRlIjozMDAwMDAwMDAwMH19"
        }
      ]
    },
    {
      "mode": "managed",
      "type": "yandex_vpc_network",
      "name": "this",
      "provider": "provider[\"registry.terraform.io/yandex-cloud/yandex\"]",
      "instances": [
        {
          "schema_version": 0,
          "attributes": {
            "created_at": "2025-04-08T13:34:07Z",
            "default_security_group_id": "enp56ifjo89ho94lc9vl",
            "description": "",
            "folder_id": "b1gsqp3omlusv377dipl",
            "id": "enp7ori7rjesa0q2tpde",
            "labels": {},
            "name": "project-dev-private",
            "subnet_ids": [],
            "timeouts": null
          },
          "sensitive_attributes": [],
          "private": "eyJlMmJmYjczMC1lY2FhLTExZTYtOGY4OC0zNDM2M2JjN2M0YzAiOnsiY3JlYXRlIjo2MDAwMDAwMDAwMCwiZGVsZXRlIjo2MDAwMDAwMDAwMCwidXBkYXRlIjo2MDAwMDAwMDAwMH19"
        }
      ]
    },
    {
      "mode": "managed",
      "type": "yandex_vpc_subnet",
      "name": "private",
      "provider": "provider[\"registry.terraform.io/yandex-cloud/yandex\"]",
      "instances": [
        {
          "index_key": "ru-central1-a",
          "schema_version": 0,
          "attributes": {
            "created_at": "2025-04-08T13:34:10Z",
            "description": "",
            "dhcp_options": [],
            "folder_id": "b1gsqp3omlusv377dipl",
            "id": "e9b3g3g86eef5sj7u25j",
            "labels": {},
            "name": "ru-central1-a",
            "network_id": "enp7ori7rjesa0q2tpde",
            "route_table_id": "",
            "timeouts": null,
            "v4_cidr_blocks": [
              "192.168.10.0/24"
            ],
            "v6_cidr_blocks": [],
            "zone": "ru-central1-a"
          },
          "sensitive_attributes": [],
          "private": "eyJlMmJmYjczMC1lY2FhLTExZTYtOGY4OC0zNDM2M2JjN2M0YzAiOnsiY3JlYXRlIjoxODAwMDAwMDAwMDAsImRlbGV0ZSI6MTgwMDAwMDAwMDAwLCJ1cGRhdGUiOjE4MDAwMDAwMDAwMH19",
          "dependencies": [
            "yandex_vpc_network.this"
          ]
        },
        {
          "index_key": "ru-central1-b",
          "schema_version": 0,
          "attributes": {
            "created_at": "2025-04-08T13:34:09Z",
            "description": "",
            "dhcp_options": [],
            "folder_id": "b1gsqp3omlusv377dipl",
            "id": "e2lol67i8tf2bbdn97f2",
            "labels": {},
            "name": "ru-central1-b",
            "network_id": "enp7ori7rjesa0q2tpde",
            "route_table_id": "",
            "timeouts": null,
            "v4_cidr_blocks": [
              "192.168.11.0/24"
            ],
            "v6_cidr_blocks": [],
            "zone": "ru-central1-b"
          },
          "sensitive_attributes": [],
          "private": "eyJlMmJmYjczMC1lY2FhLTExZTYtOGY4OC0zNDM2M2JjN2M0YzAiOnsiY3JlYXRlIjoxODAwMDAwMDAwMDAsImRlbGV0ZSI6MTgwMDAwMDAwMDAwLCJ1cGRhdGUiOjE4MDAwMDAwMDAwMH19",
          "dependencies": [
            "yandex_vpc_network.this"
          ]
        },
        {
          "index_key": "ru-central1-d",
          "schema_version": 0,
          "attributes": {
            "created_at": "2025-04-08T13:34:10Z",
            "description": "",
            "dhcp_options": [],
            "folder_id": "b1gsqp3omlusv377dipl",
            "id": "fl8q3n9iodfs01inidfj",
            "labels": {},
            "name": "ru-central1-d",
            "network_id": "enp7ori7rjesa0q2tpde",
            "route_table_id": "",
            "timeouts": null,
            "v4_cidr_blocks": [
              "192.168.12.0/24"
            ],
            "v6_cidr_blocks": [],
            "zone": "ru-central1-d"
          },
          "sensitive_attributes": [],
          "private": "eyJlMmJmYjczMC1lY2FhLTExZTYtOGY4OC0zNDM2M2JjN2M0YzAiOnsiY3JlYXRlIjoxODAwMDAwMDAwMDAsImRlbGV0ZSI6MTgwMDAwMDAwMDAwLCJ1cGRhdGUiOjE4MDAwMDAwMDAwMH19",
          "dependencies": [
            "yandex_vpc_network.this"
          ]
        }
      ]
    },
    {
      "mode": "managed",
      "type": "yandex_ydb_database_serverless",
      "name": "this",
      "provider": "provider[\"registry.terraform.io/yandex-cloud/yandex\"]",
      "instances": [
        {
          "schema_version": 0,
          "attributes": {
            "created_at": "2025-04-08T13:34:07Z",
            "database_path": "/ru-central1/b1gldefc2kmraahouj8h/etnvhjm9hmf179080bf9",
            "deletion_protection": false,
            "description": "",
            "document_api_endpoint": "https://docapi.serverless.yandexcloud.net/ru-central1/b1gldefc2kmraahouj8h/etnvhjm9hmf179080bf9",
            "folder_id": "b1gsqp3omlusv377dipl",
            "id": "etnvhjm9hmf179080bf9",
            "labels": null,
            "location_id": "ru-central1",
            "name": "project-dev-ydb-serverless",
            "serverless_database": [
              {
                "enable_throttling_rcu_limit": false,
                "provisioned_rcu_limit": 0,
                "storage_size_limit": 50,
                "throttling_rcu_limit": 0
              }
            ],
            "sleep_after": 0,
            "status": "RUNNING",
            "timeouts": null,
            "tls_enabled": true,
            "ydb_api_endpoint": "ydb.serverless.yandexcloud.net:2135",
            "ydb_full_endpoint": "grpcs://ydb.serverless.yandexcloud.net:2135/?database=/ru-central1/b1gldefc2kmraahouj8h/etnvhjm9hmf179080bf9"
          },
          "sensitive_attributes": [],
          "private": "eyJlMmJmYjczMC1lY2FhLTExZTYtOGY4OC0zNDM2M2JjN2M0YzAiOnsiY3JlYXRlIjo2MDAwMDAwMDAwMDAsImRlZmF1bHQiOjYwMDAwMDAwMDAwMCwiZGVsZXRlIjo2MDAwMDAwMDAwMDAsInJlYWQiOjYwMDAwMDAwMDAwMCwidXBkYXRlIjo2MDAwMDAwMDAwMDB9fQ=="
        }
      ]
    }
  ],
  "check_results": null
}
