{
  "version": 4,
  "terraform_version": "1.11.3",
  "serial": 148,
  "lineage": "447fd3f0-4951-72ca-4444-28a9a487f344",
  "outputs": {
    "boot_disk": {
      "value": "fhm6dorq3n5b3vpgrf6g",
      "type": "string"
    },
    "bucket_name": {
      "value": "project-dev-terraform-bucket-daring-bear",
      "type": "string"
    },
    "instance_id": {
      "value": "fhmgp2usphnjr9bro5vm",
      "type": "string"
    },
    "service_account_id": {
      "value": "aje20l1nffhurms7lgsk",
      "type": "string",
      "sensitive": true
    },
    "subnet_id": {
      "value": "e9b46omlomadslmhfmvc",
      "type": "string"
    },
    "ydb_id": {
      "value": "etngggo4imldorf8eh4h",
      "type": "string",
      "sensitive": true
    }
  },
  "resources": [
    {
      "mode": "managed",
      "type": "random_pet",
      "name": "bucket_name",
      "provider": "provider[\"registry.terraform.io/hashicorp/random\"]",
      "instances": [
        {
          "schema_version": 0,
          "attributes": {
            "id": "daring-bear",
            "keepers": null,
            "length": 2,
            "prefix": null,
            "separator": "-"
          },
          "sensitive_attributes": []
        }
      ]
    },
    {
      "mode": "managed",
      "type": "yandex_compute_disk",
      "name": "boot_disk",
      "provider": "provider[\"registry.terraform.io/yandex-cloud/yandex\"]",
      "instances": [
        {
          "schema_version": 0,
          "attributes": {
            "allow_recreate": null,
            "block_size": 4096,
            "created_at": "2025-04-06T13:00:52Z",
            "description": "",
            "disk_placement_policy": [
              {
                "disk_placement_group_id": ""
              }
            ],
            "folder_id": "b1gsqp3omlusv377dipl",
            "hardware_generation": [
              {
                "generation2_features": [],
                "legacy_features": [
                  {
                    "pci_topology": "PCI_TOPOLOGY_V1"
                  }
                ]
              }
            ],
            "id": "fhm6dorq3n5b3vpgrf6g",
            "image_id": "fd8ba9d5mfvlncknt2kd",
            "kms_key_id": null,
            "labels": {},
            "name": "project-dev-boot-disk",
            "product_ids": [
              "f2esogi2vuuuj6uia832"
            ],
            "size": 15,
            "snapshot_id": "",
            "status": "ready",
            "timeouts": null,
            "type": "network-ssd",
            "zone": "ru-central1-a"
          },
          "sensitive_attributes": [],
          "private": "eyJlMmJmYjczMC1lY2FhLTExZTYtOGY4OC0zNDM2M2JjN2M0YzAiOnsiY3JlYXRlIjozMDAwMDAwMDAwMDAsImRlbGV0ZSI6MzAwMDAwMDAwMDAwLCJ1cGRhdGUiOjMwMDAwMDAwMDAwMH19"
        }
      ]
    },
    {
      "mode": "managed",
      "type": "yandex_compute_instance",
      "name": "this",
      "provider": "provider[\"registry.terraform.io/yandex-cloud/yandex\"]",
      "instances": [
        {
          "schema_version": 1,
          "attributes": {
            "allow_recreate": null,
            "allow_stopping_for_update": true,
            "boot_disk": [
              {
                "auto_delete": true,
                "device_name": "fhm6dorq3n5b3vpgrf6g",
                "disk_id": "fhm6dorq3n5b3vpgrf6g",
                "initialize_params": [
                  {
                    "block_size": 4096,
                    "description": "",
                    "image_id": "fd8ba9d5mfvlncknt2kd",
                    "kms_key_id": "",
                    "name": "project-dev-boot-disk",
                    "size": 15,
                    "snapshot_id": "",
                    "type": "network-ssd"
                  }
                ],
                "mode": "READ_WRITE"
              }
            ],
            "created_at": "2025-04-06T13:01:04Z",
            "description": "",
            "filesystem": [],
            "folder_id": "b1gsqp3omlusv377dipl",
            "fqdn": "fhmgp2usphnjr9bro5vm.auto.internal",
            "gpu_cluster_id": "",
            "hardware_generation": [
              {
                "generation2_features": [],
                "legacy_features": [
                  {
                    "pci_topology": "PCI_TOPOLOGY_V1"
                  }
                ]
              }
            ],
            "hostname": "",
            "id": "fhmgp2usphnjr9bro5vm",
            "labels": {},
            "local_disk": [],
            "maintenance_grace_period": "",
            "maintenance_policy": null,
            "metadata": {},
            "metadata_options": [
              {
                "aws_v1_http_endpoint": 1,
                "aws_v1_http_token": 2,
                "gce_http_endpoint": 1,
                "gce_http_token": 1
              }
            ],
            "name": "project-dev-linux-vm",
            "network_acceleration_type": "standard",
            "network_interface": [
              {
                "dns_record": [],
                "index": 0,
                "ip_address": "192.168.11.22",
                "ipv4": true,
                "ipv6": false,
                "ipv6_address": "",
                "ipv6_dns_record": [],
                "mac_address": "d0:0d:10:c8:bd:cc",
                "nat": false,
                "nat_dns_record": [],
                "nat_ip_address": "",
                "nat_ip_version": "",
                "security_group_ids": [],
                "subnet_id": "e9b46omlomadslmhfmvc"
              }
            ],
            "placement_policy": [
              {
                "host_affinity_rules": [],
                "placement_group_id": "",
                "placement_group_partition": 0
              }
            ],
            "platform_id": "standard-v3",
            "resources": [
              {
                "core_fraction": 100,
                "cores": 2,
                "gpus": 0,
                "memory": 2
              }
            ],
            "scheduling_policy": [
              {
                "preemptible": false
              }
            ],
            "secondary_disk": [],
            "service_account_id": "",
            "status": "running",
            "timeouts": null,
            "zone": "ru-central1-a"
          },
          "sensitive_attributes": [],
          "private": "eyJlMmJmYjczMC1lY2FhLTExZTYtOGY4OC0zNDM2M2JjN2M0YzAiOnsiY3JlYXRlIjozMDAwMDAwMDAwMDAsImRlbGV0ZSI6MzAwMDAwMDAwMDAwLCJ1cGRhdGUiOjMwMDAwMDAwMDAwMH0sInNjaGVtYV92ZXJzaW9uIjoiMSJ9",
          "dependencies": [
            "yandex_compute_disk.boot_disk",
            "yandex_vpc_network.this",
            "yandex_vpc_subnet.private"
          ]
        }
      ]
    },
    {
      "mode": "managed",
      "type": "yandex_iam_service_account",
      "name": "bucket",
      "provider": "provider[\"registry.terraform.io/yandex-cloud/yandex\"]",
      "instances": [
        {
          "schema_version": 0,
          "attributes": {
            "created_at": "2025-04-06T13:00:53Z",
            "description": "",
            "folder_id": "b1gsqp3omlusv377dipl",
            "id": "aje20l1nffhurms7lgsk",
            "name": "project-dev-bucket-sa",
            "timeouts": null
          },
          "sensitive_attributes": [],
          "private": "eyJlMmJmYjczMC1lY2FhLTExZTYtOGY4OC0zNDM2M2JjN2M0YzAiOnsiY3JlYXRlIjo2MDAwMDAwMDAwMCwiZGVsZXRlIjo2MDAwMDAwMDAwMCwidXBkYXRlIjo2MDAwMDAwMDAwMH19"
        }
      ]
    },
    {
      "mode": "managed",
      "type": "yandex_iam_service_account_static_access_key",
      "name": "this",
      "provider": "provider[\"registry.terraform.io/yandex-cloud/yandex\"]",
      "instances": [
        {
          "schema_version": 0,
          "attributes": {
            "access_key": "YCAJEuglEaXTRoKjBl49aNUjV",
            "created_at": "2025-04-06T13:00:54Z",
            "description": "static access key for object storage",
            "encrypted_secret_key": null,
            "id": "ajena7getifq516kjlav",
            "key_fingerprint": null,
            "output_to_lockbox": [],
            "output_to_lockbox_version_id": null,
            "pgp_key": null,
            "secret_key": "YCN_iXNlvx0ndJ7A6ucIVD1eYvnV7GpSLW_1PMwv",
            "service_account_id": "aje20l1nffhurms7lgsk"
          },
          "sensitive_attributes": [
            [
              {
                "type": "get_attr",
                "value": "secret_key"
              }
            ]
          ],
          "private": "bnVsbA==",
          "dependencies": [
            "yandex_iam_service_account.bucket"
          ]
        }
      ]
    },
    {
      "mode": "managed",
      "type": "yandex_resourcemanager_folder_iam_member",
      "name": "storage_editor",
      "provider": "provider[\"registry.terraform.io/yandex-cloud/yandex\"]",
      "instances": [
        {
          "schema_version": 0,
          "attributes": {
            "folder_id": "b1gsqp3omlusv377dipl",
            "id": "b1gsqp3omlusv377dipl/storage.editor/serviceAccount:aje20l1nffhurms7lgsk",
            "member": "serviceAccount:aje20l1nffhurms7lgsk",
            "role": "storage.editor",
            "sleep_after": null,
            "timeouts": null
          },
          "sensitive_attributes": [],
          "private": "eyJlMmJmYjczMC1lY2FhLTExZTYtOGY4OC0zNDM2M2JjN2M0YzAiOnsiY3JlYXRlIjo2MDAwMDAwMDAwMCwiZGVmYXVsdCI6NjAwMDAwMDAwMDAsImRlbGV0ZSI6NjAwMDAwMDAwMDAsInJlYWQiOjYwMDAwMDAwMDAwLCJ1cGRhdGUiOjYwMDAwMDAwMDAwfX0=",
          "dependencies": [
            "yandex_iam_service_account.bucket"
          ]
        }
      ]
    },
    {
      "mode": "managed",
      "type": "yandex_storage_bucket",
      "name": "this",
      "provider": "provider[\"registry.terraform.io/yandex-cloud/yandex\"]",
      "instances": [
        {
          "schema_version": 1,
          "attributes": {
            "access_key": "YCAJEuglEaXTRoKjBl49aNUjV",
            "acl": null,
            "anonymous_access_flags": [
              {
                "config_read": false,
                "list": false,
                "read": false
              }
            ],
            "bucket": "project-dev-terraform-bucket-daring-bear",
            "bucket_domain_name": "project-dev-terraform-bucket-daring-bear.storage.yandexcloud.net",
            "bucket_prefix": null,
            "cors_rule": [],
            "default_storage_class": "STANDARD",
            "folder_id": "b1gsqp3omlusv377dipl",
            "force_destroy": false,
            "grant": [],
            "https": [],
            "id": "project-dev-terraform-bucket-daring-bear",
            "lifecycle_rule": [],
            "logging": [],
            "max_size": 0,
            "object_lock_configuration": [],
            "policy": "",
            "secret_key": "YCN_iXNlvx0ndJ7A6ucIVD1eYvnV7GpSLW_1PMwv",
            "server_side_encryption_configuration": [],
            "tags": {},
            "versioning": [
              {
                "enabled": false
              }
            ],
            "website": [],
            "website_domain": null,
            "website_endpoint": null
          },
          "sensitive_attributes": [
            [
              {
                "type": "get_attr",
                "value": "secret_key"
              }
            ]
          ],
          "private": "eyJzY2hlbWFfdmVyc2lvbiI6IjEifQ==",
          "dependencies": [
            "random_pet.bucket_name",
            "yandex_iam_service_account.bucket",
            "yandex_iam_service_account_static_access_key.this",
            "yandex_resourcemanager_folder_iam_member.storage_editor"
          ]
        }
      ]
    },
    {
      "mode": "managed",
      "type": "yandex_vpc_network",
      "name": "this",
      "provider": "provider[\"registry.terraform.io/yandex-cloud/yandex\"]",
      "instances": [
        {
          "schema_version": 0,
          "attributes": {
            "created_at": "2025-04-06T13:00:52Z",
            "default_security_group_id": "enp2vuhdpne1v3dt0qq9",
            "description": "",
            "folder_id": "b1gsqp3omlusv377dipl",
            "id": "enpce21r58kir5pf97ms",
            "labels": {},
            "name": "project-dev-private",
            "subnet_ids": [
              "e9b46omlomadslmhfmvc"
            ],
            "timeouts": null
          },
          "sensitive_attributes": [],
          "private": "eyJlMmJmYjczMC1lY2FhLTExZTYtOGY4OC0zNDM2M2JjN2M0YzAiOnsiY3JlYXRlIjo2MDAwMDAwMDAwMCwiZGVsZXRlIjo2MDAwMDAwMDAwMCwidXBkYXRlIjo2MDAwMDAwMDAwMH19"
        }
      ]
    },
    {
      "mode": "managed",
      "type": "yandex_vpc_subnet",
      "name": "private",
      "provider": "provider[\"registry.terraform.io/yandex-cloud/yandex\"]",
      "instances": [
        {
          "schema_version": 0,
          "attributes": {
            "created_at": "2025-04-06T13:00:54Z",
            "description": "",
            "dhcp_options": [],
            "folder_id": "b1gsqp3omlusv377dipl",
            "id": "e9b46omlomadslmhfmvc",
            "labels": {},
            "name": "project-dev-subnet",
            "network_id": "enpce21r58kir5pf97ms",
            "route_table_id": "",
            "timeouts": null,
            "v4_cidr_blocks": [
              "192.168.11.0/24"
            ],
            "v6_cidr_blocks": [],
            "zone": "ru-central1-a"
          },
          "sensitive_attributes": [],
          "private": "eyJlMmJmYjczMC1lY2FhLTExZTYtOGY4OC0zNDM2M2JjN2M0YzAiOnsiY3JlYXRlIjoxODAwMDAwMDAwMDAsImRlbGV0ZSI6MTgwMDAwMDAwMDAwLCJ1cGRhdGUiOjE4MDAwMDAwMDAwMH19",
          "dependencies": [
            "yandex_vpc_network.this"
          ]
        }
      ]
    },
    {
      "mode": "managed",
      "type": "yandex_ydb_database_serverless",
      "name": "this",
      "provider": "provider[\"registry.terraform.io/yandex-cloud/yandex\"]",
      "instances": [
        {
          "schema_version": 0,
          "attributes": {
            "created_at": "2025-04-06T13:00:53Z",
            "database_path": "/ru-central1/b1gldefc2kmraahouj8h/etngggo4imldorf8eh4h",
            "deletion_protection": false,
            "description": "",
            "document_api_endpoint": "https://docapi.serverless.yandexcloud.net/ru-central1/b1gldefc2kmraahouj8h/etngggo4imldorf8eh4h",
            "folder_id": "b1gsqp3omlusv377dipl",
            "id": "etngggo4imldorf8eh4h",
            "labels": {},
            "location_id": "ru-central1",
            "name": "project-dev-ybd-serverless",
            "serverless_database": [
              {
                "enable_throttling_rcu_limit": false,
                "provisioned_rcu_limit": 0,
                "storage_size_limit": 50,
                "throttling_rcu_limit": 0
              }
            ],
            "sleep_after": 0,
            "status": "RUNNING",
            "timeouts": null,
            "tls_enabled": true,
            "ydb_api_endpoint": "ydb.serverless.yandexcloud.net:2135",
            "ydb_full_endpoint": "grpcs://ydb.serverless.yandexcloud.net:2135/?database=/ru-central1/b1gldefc2kmraahouj8h/etngggo4imldorf8eh4h"
          },
          "sensitive_attributes": [],
          "private": "eyJlMmJmYjczMC1lY2FhLTExZTYtOGY4OC0zNDM2M2JjN2M0YzAiOnsiY3JlYXRlIjo2MDAwMDAwMDAwMDAsImRlZmF1bHQiOjYwMDAwMDAwMDAwMCwiZGVsZXRlIjo2MDAwMDAwMDAwMDAsInJlYWQiOjYwMDAwMDAwMDAwMCwidXBkYXRlIjo2MDAwMDAwMDAwMDB9fQ=="
        }
      ]
    }
  ],
  "check_results": null
}
